// !$*UTF8*$!
{
	archiveVersion = 1;
	classes = {
	};
	objectVersion = 50;
	objects = {

/* Begin PBXBuildFile section */
		529C389523AC5FF9D0435B1F /* Pods_IndoorLabs.framework in Frameworks */ = {isa = PBXBuildFile; fileRef = 78CBFDB30F96A42BFAFF13B3 /* Pods_IndoorLabs.framework */; };
		F00862FD20B8D448007E80A9 /* GoogleService-Info.plist in Resources */ = {isa = PBXBuildFile; fileRef = F00862FC20B8D448007E80A9 /* GoogleService-Info.plist */; };
		F0112B1E209BD056008F8A1E /* AppDelegate.swift in Sources */ = {isa = PBXBuildFile; fileRef = F0112B1D209BD056008F8A1E /* AppDelegate.swift */; };
		F0112B23209BD056008F8A1E /* Main.storyboard in Resources */ = {isa = PBXBuildFile; fileRef = F0112B21209BD056008F8A1E /* Main.storyboard */; };
		F0112B26209BD056008F8A1E /* IndoorLabs.xcdatamodeld in Sources */ = {isa = PBXBuildFile; fileRef = F0112B24209BD056008F8A1E /* IndoorLabs.xcdatamodeld */; };
		F0112B28209BD057008F8A1E /* Assets.xcassets in Resources */ = {isa = PBXBuildFile; fileRef = F0112B27209BD057008F8A1E /* Assets.xcassets */; };
		F0112B2B209BD057008F8A1E /* LaunchScreen.storyboard in Resources */ = {isa = PBXBuildFile; fileRef = F0112B29209BD057008F8A1E /* LaunchScreen.storyboard */; };
		F08256E5209BD2E7003ABA74 /* Login.swift in Sources */ = {isa = PBXBuildFile; fileRef = F08256E4209BD2E7003ABA74 /* Login.swift */; };
		F0F7DAC7209BDAF200F6D621 /* Globers.swift in Sources */ = {isa = PBXBuildFile; fileRef = F0F7DAC6209BDAF200F6D621 /* Globers.swift */; };
		F0F7DACA209BDC2B00F6D621 /* GlobersCell.swift in Sources */ = {isa = PBXBuildFile; fileRef = F0F7DAC8209BDC2B00F6D621 /* GlobersCell.swift */; };
		F0F7DACB209BDC2B00F6D621 /* GlobersCell.xib in Resources */ = {isa = PBXBuildFile; fileRef = F0F7DAC9209BDC2B00F6D621 /* GlobersCell.xib */; };
/* End PBXBuildFile section */

/* Begin PBXFileReference section */
		1E8C3D83F228BDE4498830A9 /* Pods-IndoorLabs.release.xcconfig */ = {isa = PBXFileReference; includeInIndex = 1; lastKnownFileType = text.xcconfig; name = "Pods-IndoorLabs.release.xcconfig"; path = "Pods/Target Support Files/Pods-IndoorLabs/Pods-IndoorLabs.release.xcconfig"; sourceTree = "<group>"; };
		78CBFDB30F96A42BFAFF13B3 /* Pods_IndoorLabs.framework */ = {isa = PBXFileReference; explicitFileType = wrapper.framework; includeInIndex = 0; path = Pods_IndoorLabs.framework; sourceTree = BUILT_PRODUCTS_DIR; };
		D65B8EA715C63BB4EA0A133C /* Pods-IndoorLabs.debug.xcconfig */ = {isa = PBXFileReference; includeInIndex = 1; lastKnownFileType = text.xcconfig; name = "Pods-IndoorLabs.debug.xcconfig"; path = "Pods/Target Support Files/Pods-IndoorLabs/Pods-IndoorLabs.debug.xcconfig"; sourceTree = "<group>"; };
		F00862FC20B8D448007E80A9 /* GoogleService-Info.plist */ = {isa = PBXFileReference; fileEncoding = 4; lastKnownFileType = text.plist.xml; path = "GoogleService-Info.plist"; sourceTree = "<group>"; };
		F0112B1A209BD056008F8A1E /* IndoorLabs.app */ = {isa = PBXFileReference; explicitFileType = wrapper.application; includeInIndex = 0; path = IndoorLabs.app; sourceTree = BUILT_PRODUCTS_DIR; };
		F0112B1D209BD056008F8A1E /* AppDelegate.swift */ = {isa = PBXFileReference; lastKnownFileType = sourcecode.swift; path = AppDelegate.swift; sourceTree = "<group>"; };
		F0112B22209BD056008F8A1E /* Base */ = {isa = PBXFileReference; lastKnownFileType = file.storyboard; name = Base; path = Base.lproj/Main.storyboard; sourceTree = "<group>"; };
		F0112B25209BD056008F8A1E /* IndoorLabs.xcdatamodel */ = {isa = PBXFileReference; lastKnownFileType = wrapper.xcdatamodel; path = IndoorLabs.xcdatamodel; sourceTree = "<group>"; };
		F0112B27209BD057008F8A1E /* Assets.xcassets */ = {isa = PBXFileReference; lastKnownFileType = folder.assetcatalog; path = Assets.xcassets; sourceTree = "<group>"; };
		F0112B2A209BD057008F8A1E /* Base */ = {isa = PBXFileReference; lastKnownFileType = file.storyboard; name = Base; path = Base.lproj/LaunchScreen.storyboard; sourceTree = "<group>"; };
		F0112B2C209BD057008F8A1E /* Info.plist */ = {isa = PBXFileReference; lastKnownFileType = text.plist.xml; path = Info.plist; sourceTree = "<group>"; };
		F08256E4209BD2E7003ABA74 /* Login.swift */ = {isa = PBXFileReference; lastKnownFileType = sourcecode.swift; path = Login.swift; sourceTree = "<group>"; };
		F0F7DAC6209BDAF200F6D621 /* Globers.swift */ = {isa = PBXFileReference; lastKnownFileType = sourcecode.swift; path = Globers.swift; sourceTree = "<group>"; };
		F0F7DAC8209BDC2B00F6D621 /* GlobersCell.swift */ = {isa = PBXFileReference; lastKnownFileType = sourcecode.swift; path = GlobersCell.swift; sourceTree = "<group>"; };
		F0F7DAC9209BDC2B00F6D621 /* GlobersCell.xib */ = {isa = PBXFileReference; lastKnownFileType = file.xib; path = GlobersCell.xib; sourceTree = "<group>"; };
/* End PBXFileReference section */

/* Begin PBXFrameworksBuildPhase section */
		F0112B17209BD056008F8A1E /* Frameworks */ = {
			isa = PBXFrameworksBuildPhase;
			buildActionMask = 2147483647;
			files = (
				529C389523AC5FF9D0435B1F /* Pods_IndoorLabs.framework in Frameworks */,
			);
			runOnlyForDeploymentPostprocessing = 0;
		};
/* End PBXFrameworksBuildPhase section */

/* Begin PBXGroup section */
		8E860A6CE3DD1C707BB58592 /* Pods */ = {
			isa = PBXGroup;
			children = (
				D65B8EA715C63BB4EA0A133C /* Pods-IndoorLabs.debug.xcconfig */,
				1E8C3D83F228BDE4498830A9 /* Pods-IndoorLabs.release.xcconfig */,
			);
			name = Pods;
			sourceTree = "<group>";
		};
		D9D3EFF53104A0299D6D40F3 /* Frameworks */ = {
			isa = PBXGroup;
			children = (
				78CBFDB30F96A42BFAFF13B3 /* Pods_IndoorLabs.framework */,
			);
			name = Frameworks;
			sourceTree = "<group>";
		};
		F0112B11209BD056008F8A1E = {
			isa = PBXGroup;
			children = (
				F0112B1C209BD056008F8A1E /* IndoorLabs */,
				F0112B1B209BD056008F8A1E /* Products */,
				8E860A6CE3DD1C707BB58592 /* Pods */,
				D9D3EFF53104A0299D6D40F3 /* Frameworks */,
			);
			sourceTree = "<group>";
		};
		F0112B1B209BD056008F8A1E /* Products */ = {
			isa = PBXGroup;
			children = (
				F0112B1A209BD056008F8A1E /* IndoorLabs.app */,
			);
			name = Products;
			sourceTree = "<group>";
		};
		F0112B1C209BD056008F8A1E /* IndoorLabs */ = {
			isa = PBXGroup;
			children = (
				F0112B1D209BD056008F8A1E /* AppDelegate.swift */,
				F0112B21209BD056008F8A1E /* Main.storyboard */,
				F0112B27209BD057008F8A1E /* Assets.xcassets */,
				F0112B29209BD057008F8A1E /* LaunchScreen.storyboard */,
				F0112B2C209BD057008F8A1E /* Info.plist */,
				F00862FC20B8D448007E80A9 /* GoogleService-Info.plist */,
				F0112B24209BD056008F8A1E /* IndoorLabs.xcdatamodeld */,
				F08256E4209BD2E7003ABA74 /* Login.swift */,
				F0F7DAC6209BDAF200F6D621 /* Globers.swift */,
				F0F7DAC8209BDC2B00F6D621 /* GlobersCell.swift */,
				F0F7DAC9209BDC2B00F6D621 /* GlobersCell.xib */,
			);
			path = IndoorLabs;
			sourceTree = "<group>";
		};
/* End PBXGroup section */

/* Begin PBXNativeTarget section */
		F0112B19209BD056008F8A1E /* IndoorLabs */ = {
			isa = PBXNativeTarget;
			buildConfigurationList = F0112B2F209BD057008F8A1E /* Build configuration list for PBXNativeTarget "IndoorLabs" */;
			buildPhases = (
				70A81D23A4E6AE8CB484A331 /* [CP] Check Pods Manifest.lock */,
				F0112B16209BD056008F8A1E /* Sources */,
				F0112B17209BD056008F8A1E /* Frameworks */,
				F0112B18209BD056008F8A1E /* Resources */,
				BECB4A33D5DB0D57FFA6F54A /* [CP] Embed Pods Frameworks */,
			);
			buildRules = (
			);
			dependencies = (
			);
			name = IndoorLabs;
			productName = IndoorLabs;
			productReference = F0112B1A209BD056008F8A1E /* IndoorLabs.app */;
			productType = "com.apple.product-type.application";
		};
/* End PBXNativeTarget section */

/* Begin PBXProject section */
		F0112B12209BD056008F8A1E /* Project object */ = {
			isa = PBXProject;
			attributes = {
				LastSwiftUpdateCheck = 0930;
				LastUpgradeCheck = 0930;
				ORGANIZATIONNAME = "Ruben Garcia";
				TargetAttributes = {
					F0112B19209BD056008F8A1E = {
						CreatedOnToolsVersion = 9.3;
					};
				};
			};
			buildConfigurationList = F0112B15209BD056008F8A1E /* Build configuration list for PBXProject "IndoorLabs" */;
			compatibilityVersion = "Xcode 9.3";
			developmentRegion = en;
			hasScannedForEncodings = 0;
			knownRegions = (
				en,
				Base,
			);
			mainGroup = F0112B11209BD056008F8A1E;
			productRefGroup = F0112B1B209BD056008F8A1E /* Products */;
			projectDirPath = "";
			projectRoot = "";
			targets = (
				F0112B19209BD056008F8A1E /* IndoorLabs */,
			);
		};
/* End PBXProject section */

/* Begin PBXResourcesBuildPhase section */
		F0112B18209BD056008F8A1E /* Resources */ = {
			isa = PBXResourcesBuildPhase;
			buildActionMask = 2147483647;
			files = (
				F0112B2B209BD057008F8A1E /* LaunchScreen.storyboard in Resources */,
				F0112B28209BD057008F8A1E /* Assets.xcassets in Resources */,
				F00862FD20B8D448007E80A9 /* GoogleService-Info.plist in Resources */,
				F0F7DACB209BDC2B00F6D621 /* GlobersCell.xib in Resources */,
				F0112B23209BD056008F8A1E /* Main.storyboard in Resources */,
			);
			runOnlyForDeploymentPostprocessing = 0;
		};
/* End PBXResourcesBuildPhase section */

/* Begin PBXShellScriptBuildPhase section */
		70A81D23A4E6AE8CB484A331 /* [CP] Check Pods Manifest.lock */ = {
			isa = PBXShellScriptBuildPhase;
			buildActionMask = 2147483647;
			files = (
			);
			inputPaths = (
				"${PODS_PODFILE_DIR_PATH}/Podfile.lock",
				"${PODS_ROOT}/Manifest.lock",
			);
			name = "[CP] Check Pods Manifest.lock";
			outputPaths = (
				"$(DERIVED_FILE_DIR)/Pods-IndoorLabs-checkManifestLockResult.txt",
			);
			runOnlyForDeploymentPostprocessing = 0;
			shellPath = /bin/sh;
			shellScript = "diff \"${PODS_PODFILE_DIR_PATH}/Podfile.lock\" \"${PODS_ROOT}/Manifest.lock\" > /dev/null\nif [ $? != 0 ] ; then\n    # print error to STDERR\n    echo \"error: The sandbox is not in sync with the Podfile.lock. Run 'pod install' or update your CocoaPods installation.\" >&2\n    exit 1\nfi\n# This output is used by Xcode 'outputs' to avoid re-running this script phase.\necho \"SUCCESS\" > \"${SCRIPT_OUTPUT_FILE_0}\"\n";
			showEnvVarsInLog = 0;
		};
		BECB4A33D5DB0D57FFA6F54A /* [CP] Embed Pods Frameworks */ = {
			isa = PBXShellScriptBuildPhase;
			buildActionMask = 2147483647;
			files = (
			);
			inputPaths = (
				"${SRCROOT}/Pods/Target Support Files/Pods-IndoorLabs/Pods-IndoorLabs-frameworks.sh",
				"${BUILT_PRODUCTS_DIR}/GoogleToolboxForMac/GoogleToolboxForMac.framework",
				"${BUILT_PRODUCTS_DIR}/leveldb-library/leveldb.framework",
				"${BUILT_PRODUCTS_DIR}/nanopb/nanopb.framework",
			);
			name = "[CP] Embed Pods Frameworks";
			outputPaths = (
				"${TARGET_BUILD_DIR}/${FRAMEWORKS_FOLDER_PATH}/GoogleToolboxForMac.framework",
				"${TARGET_BUILD_DIR}/${FRAMEWORKS_FOLDER_PATH}/leveldb.framework",
				"${TARGET_BUILD_DIR}/${FRAMEWORKS_FOLDER_PATH}/nanopb.framework",
			);
			runOnlyForDeploymentPostprocessing = 0;
			shellPath = /bin/sh;
			shellScript = "\"${SRCROOT}/Pods/Target Support Files/Pods-IndoorLabs/Pods-IndoorLabs-frameworks.sh\"\n";
			showEnvVarsInLog = 0;
		};
/* End PBXShellScriptBuildPhase section */

/* Begin PBXSourcesBuildPhase section */
		F0112B16209BD056008F8A1E /* Sources */ = {
			isa = PBXSourcesBuildPhase;
			buildActionMask = 2147483647;
			files = (
				F0112B1E209BD056008F8A1E /* AppDelegate.swift in Sources */,
				F0112B26209BD056008F8A1E /* IndoorLabs.xcdatamodeld in Sources */,
				F0F7DAC7209BDAF200F6D621 /* Globers.swift in Sources */,
				F0F7DACA209BDC2B00F6D621 /* GlobersCell.swift in Sources */,
				F08256E5209BD2E7003ABA74 /* Login.swift in Sources */,
			);
			runOnlyForDeploymentPostprocessing = 0;
		};
/* End PBXSourcesBuildPhase section */

/* Begin PBXVariantGroup section */
		F0112B21209BD056008F8A1E /* Main.storyboard */ = {
			isa = PBXVariantGroup;
			children = (
				F0112B22209BD056008F8A1E /* Base */,
			);
			name = Main.storyboard;
			sourceTree = "<group>";
		};
		F0112B29209BD057008F8A1E /* LaunchScreen.storyboard */ = {
			isa = PBXVariantGroup;
			children = (
				F0112B2A209BD057008F8A1E /* Base */,
			);
			name = LaunchScreen.storyboard;
			sourceTree = "<group>";
		};
/* End PBXVariantGroup section */

/* Begin XCBuildConfiguration section */
		F0112B2D209BD057008F8A1E /* Debug */ = {
			isa = XCBuildConfiguration;
			buildSettings = {
				ALWAYS_SEARCH_USER_PATHS = NO;
				CLANG_ANALYZER_NONNULL = YES;
				CLANG_ANALYZER_NUMBER_OBJECT_CONVERSION = YES_AGGRESSIVE;
				CLANG_CXX_LANGUAGE_STANDARD = "gnu++14";
				CLANG_CXX_LIBRARY = "libc++";
				CLANG_ENABLE_MODULES = YES;
				CLANG_ENABLE_OBJC_ARC = YES;
				CLANG_ENABLE_OBJC_WEAK = YES;
				CLANG_WARN_BLOCK_CAPTURE_AUTORELEASING = YES;
				CLANG_WARN_BOOL_CONVERSION = YES;
				CLANG_WARN_COMMA = YES;
				CLANG_WARN_CONSTANT_CONVERSION = YES;
				CLANG_WARN_DEPRECATED_OBJC_IMPLEMENTATIONS = YES;
				CLANG_WARN_DIRECT_OBJC_ISA_USAGE = YES_ERROR;
				CLANG_WARN_DOCUMENTATION_COMMENTS = YES;
				CLANG_WARN_EMPTY_BODY = YES;
				CLANG_WARN_ENUM_CONVERSION = YES;
				CLANG_WARN_INFINITE_RECURSION = YES;
				CLANG_WARN_INT_CONVERSION = YES;
				CLANG_WARN_NON_LITERAL_NULL_CONVERSION = YES;
				CLANG_WARN_OBJC_IMPLICIT_RETAIN_SELF = YES;
				CLANG_WARN_OBJC_LITERAL_CONVERSION = YES;
				CLANG_WARN_OBJC_ROOT_CLASS = YES_ERROR;
				CLANG_WARN_RANGE_LOOP_ANALYSIS = YES;
				CLANG_WARN_STRICT_PROTOTYPES = YES;
				CLANG_WARN_SUSPICIOUS_MOVE = YES;
				CLANG_WARN_UNGUARDED_AVAILABILITY = YES_AGGRESSIVE;
				CLANG_WARN_UNREACHABLE_CODE = YES;
				CLANG_WARN__DUPLICATE_METHOD_MATCH = YES;
				CODE_SIGN_IDENTITY = "iPhone Developer";
				COPY_PHASE_STRIP = NO;
				DEBUG_INFORMATION_FORMAT = dwarf;
				ENABLE_STRICT_OBJC_MSGSEND = YES;
				ENABLE_TESTABILITY = YES;
				GCC_C_LANGUAGE_STANDARD = gnu11;
				GCC_DYNAMIC_NO_PIC = NO;
				GCC_NO_COMMON_BLOCKS = YES;
				GCC_OPTIMIZATION_LEVEL = 0;
				GCC_PREPROCESSOR_DEFINITIONS = (
					"DEBUG=1",
					"$(inherited)",
				);
				GCC_WARN_64_TO_32_BIT_CONVERSION = YES;
				GCC_WARN_ABOUT_RETURN_TYPE = YES_ERROR;
				GCC_WARN_UNDECLARED_SELECTOR = YES;
				GCC_WARN_UNINITIALIZED_AUTOS = YES_AGGRESSIVE;
				GCC_WARN_UNUSED_FUNCTION = YES;
				GCC_WARN_UNUSED_VARIABLE = YES;
				IPHONEOS_DEPLOYMENT_TARGET = 11.3;
				MTL_ENABLE_DEBUG_INFO = YES;
				ONLY_ACTIVE_ARCH = YES;
				SDKROOT = iphoneos;
				SWIFT_ACTIVE_COMPILATION_CONDITIONS = DEBUG;
				SWIFT_OPTIMIZATION_LEVEL = "-Onone";
			};
			name = Debug;
		};
		F0112B2E209BD057008F8A1E /* Release */ = {
			isa = XCBuildConfiguration;
			buildSettings = {
				ALWAYS_SEARCH_USER_PATHS = NO;
				CLANG_ANALYZER_NONNULL = YES;
				CLANG_ANALYZER_NUMBER_OBJECT_CONVERSION = YES_AGGRESSIVE;
				CLANG_CXX_LANGUAGE_STANDARD = "gnu++14";
				CLANG_CXX_LIBRARY = "libc++";
				CLANG_ENABLE_MODULES = YES;
				CLANG_ENABLE_OBJC_ARC = YES;
				CLANG_ENABLE_OBJC_WEAK = YES;
				CLANG_WARN_BLOCK_CAPTURE_AUTORELEASING = YES;
				CLANG_WARN_BOOL_CONVERSION = YES;
				CLANG_WARN_COMMA = YES;
				CLANG_WARN_CONSTANT_CONVERSION = YES;
				CLANG_WARN_DEPRECATED_OBJC_IMPLEMENTATIONS = YES;
				CLANG_WARN_DIRECT_OBJC_ISA_USAGE = YES_ERROR;
				CLANG_WARN_DOCUMENTATION_COMMENTS = YES;
				CLANG_WARN_EMPTY_BODY = YES;
				CLANG_WARN_ENUM_CONVERSION = YES;
				CLANG_WARN_INFINITE_RECURSION = YES;
				CLANG_WARN_INT_CONVERSION = YES;
				CLANG_WARN_NON_LITERAL_NULL_CONVERSION = YES;
				CLANG_WARN_OBJC_IMPLICIT_RETAIN_SELF = YES;
				CLANG_WARN_OBJC_LITERAL_CONVERSION = YES;
				CLANG_WARN_OBJC_ROOT_CLASS = YES_ERROR;
				CLANG_WARN_RANGE_LOOP_ANALYSIS = YES;
				CLANG_WARN_STRICT_PROTOTYPES = YES;
				CLANG_WARN_SUSPICIOUS_MOVE = YES;
				CLANG_WARN_UNGUARDED_AVAILABILITY = YES_AGGRESSIVE;
				CLANG_WARN_UNREACHABLE_CODE = YES;
				CLANG_WARN__DUPLICATE_METHOD_MATCH = YES;
				CODE_SIGN_IDENTITY = "iPhone Developer";
				COPY_PHASE_STRIP = NO;
				DEBUG_INFORMATION_FORMAT = "dwarf-with-dsym";
				ENABLE_NS_ASSERTIONS = NO;
				ENABLE_STRICT_OBJC_MSGSEND = YES;
				GCC_C_LANGUAGE_STANDARD = gnu11;
				GCC_NO_COMMON_BLOCKS = YES;
				GCC_WARN_64_TO_32_BIT_CONVERSION = YES;
				GCC_WARN_ABOUT_RETURN_TYPE = YES_ERROR;
				GCC_WARN_UNDECLARED_SELECTOR = YES;
				GCC_WARN_UNINITIALIZED_AUTOS = YES_AGGRESSIVE;
				GCC_WARN_UNUSED_FUNCTION = YES;
				GCC_WARN_UNUSED_VARIABLE = YES;
				IPHONEOS_DEPLOYMENT_TARGET = 11.3;
				MTL_ENABLE_DEBUG_INFO = NO;
				SDKROOT = iphoneos;
				SWIFT_COMPILATION_MODE = wholemodule;
				SWIFT_OPTIMIZATION_LEVEL = "-O";
				VALIDATE_PRODUCT = YES;
			};
			name = Release;
		};
		F0112B30209BD057008F8A1E /* Debug */ = {
			isa = XCBuildConfiguration;
			baseConfigurationReference = D65B8EA715C63BB4EA0A133C /* Pods-IndoorLabs.debug.xcconfig */;
			buildSettings = {
				ASSETCATALOG_COMPILER_APPICON_NAME = AppIcon;
				CODE_SIGN_STYLE = Automatic;
				DEVELOPMENT_TEAM = M7T4M64GR6;
				INFOPLIST_FILE = IndoorLabs/Info.plist;
				LD_RUNPATH_SEARCH_PATHS = "$(inherited) @executable_path/Frameworks";
				PRODUCT_BUNDLE_IDENTIFIER = com.ruben.IndoorLabs;
				PRODUCT_NAME = "$(TARGET_NAME)";
				SWIFT_VERSION = 4.0;
				TARGETED_DEVICE_FAMILY = "1,2";
			};
			name = Debug;
		};
		F0112B31209BD057008F8A1E /* Release */ = {
			isa = XCBuildConfiguration;
			baseConfigurationReference = 1E8C3D83F228BDE4498830A9 /* Pods-IndoorLabs.release.xcconfig */;
			buildSettings = {
				ASSETCATALOG_COMPILER_APPICON_NAME = AppIcon;
				CODE_SIGN_STYLE = Automatic;
				DEVELOPMENT_TEAM = M7T4M64GR6;
				INFOPLIST_FILE = IndoorLabs/Info.plist;
				LD_RUNPATH_SEARCH_PATHS = "$(inherited) @executable_path/Frameworks";
				PRODUCT_BUNDLE_IDENTIFIER = com.ruben.IndoorLabs;
				PRODUCT_NAME = "$(TARGET_NAME)";
				SWIFT_VERSION = 4.0;
				TARGETED_DEVICE_FAMILY = "1,2";
			};
			name = Release;
		};
/* End XCBuildConfiguration section */

/* Begin XCConfigurationList section */
		F0112B15209BD056008F8A1E /* Build configuration list for PBXProject "IndoorLabs" */ = {
			isa = XCConfigurationList;
			buildConfigurations = (
				F0112B2D209BD057008F8A1E /* Debug */,
				F0112B2E209BD057008F8A1E /* Release */,
			);
			defaultConfigurationIsVisible = 0;
			defaultConfigurationName = Release;
		};
		F0112B2F209BD057008F8A1E /* Build configuration list for PBXNativeTarget "IndoorLabs" */ = {
			isa = XCConfigurationList;
			buildConfigurations = (
				F0112B30209BD057008F8A1E /* Debug */,
				F0112B31209BD057008F8A1E /* Release */,
			);
			defaultConfigurationIsVisible = 0;
			defaultConfigurationName = Release;
		};
/* End XCConfigurationList section */

/* Begin XCVersionGroup section */
		F0112B24209BD056008F8A1E /* IndoorLabs.xcdatamodeld */ = {
			isa = XCVersionGroup;
			children = (
				F0112B25209BD056008F8A1E /* IndoorLabs.xcdatamodel */,
			);
			currentVersion = F0112B25209BD056008F8A1E /* IndoorLabs.xcdatamodel */;
			path = IndoorLabs.xcdatamodeld;
			sourceTree = "<group>";
			versionGroupType = wrapper.xcdatamodel;
		};
/* End XCVersionGroup section */
	};
	rootObject = F0112B12209BD056008F8A1E /* Project object */;
}
